
Microsoft Visual Studio Solution File, Format Version 12.00
# Visual Studio Version 17
VisualStudioVersion = 17.8.34309.116
MinimumVisualStudioVersion = 10.0.40219.1
Project("{888888A0-9F3D-457C-B088-3A5042F75D52}") = "CursoPython", "CursoPython.pyproj", "{8C2C6151-2C6F-437F-8901-47375C614C06}"
EndProject
Global
	GlobalSection(SolutionConfigurationPlatforms) = preSolution
		Debug|Any CPU = Debug|Any CPU
		Release|Any CPU = Release|Any CPU
	EndGlobalSection
	GlobalSection(ProjectConfigurationPlatforms) = postSolution
		{8C2C6151-2C6F-437F-8901-47375C614C06}.Debug|Any CPU.ActiveCfg = Debug|Any CPU
		{8C2C6151-2C6F-437F-8901-47375C614C06}.Release|Any CPU.ActiveCfg = Release|Any CPU
	EndGlobalSection
	GlobalSection(SolutionProperties) = preSolution
		HideSolutionNode = FALSE
	EndGlobalSection
	GlobalSection(ExtensibilityGlobals) = postSolution
		SolutionGuid = {74994033-7B8F-4F32-AC51-D9D27A1BDEDA}
	EndGlobalSection
EndGlobal
